
Microsoft Visual Studio Solution File, Format Version 12.00
# Visual Studio Version 17
VisualStudioVersion = 17.7.34024.191
MinimumVisualStudioVersion = 10.0.40219.1
Project("{9A19103F-16F7-4668-BE54-9A1E7A4F7556}") = "SMS.API", "SMS.API\SMS.API.csproj", "{12C21F1F-F442-440F-8E7D-4F2685F6BBD0}"
EndProject
Project("{9A19103F-16F7-4668-BE54-9A1E7A4F7556}") = "SMS.Service", "SMS.Service\SMS.Service.csproj", "{9E9ADBBA-8EED-4B59-9E66-3262CAE54699}"
EndProject
Project("{9A19103F-16F7-4668-BE54-9A1E7A4F7556}") = "SMS.Infrastructure", "SMS.Infrastructure\SMS.Infrastructure.csproj", "{D3D8026F-590A-42B3-9DC5-2FD82503708E}"
EndProject
Project("{9A19103F-16F7-4668-BE54-9A1E7A4F7556}") = "SMS.Entity", "SMS.Entity\SMS.Entity.csproj", "{0B6557FA-55B7-42CD-82CA-90A8A801ACB2}"
EndProject
Project("{9A19103F-16F7-4668-BE54-9A1E7A4F7556}") = "SMS.ClientEntity", "SMS.ClientEntity\SMS.ClientEntity.csproj", "{A651ECB8-1B08-4A12-B86D-1BC8BE12BE8F}"
EndProject
Global
	GlobalSection(SolutionConfigurationPlatforms) = preSolution
		Debug|Any CPU = Debug|Any CPU
		Release|Any CPU = Release|Any CPU
	EndGlobalSection
	GlobalSection(ProjectConfigurationPlatforms) = postSolution
		{12C21F1F-F442-440F-8E7D-4F2685F6BBD0}.Debug|Any CPU.ActiveCfg = Debug|Any CPU
		{12C21F1F-F442-440F-8E7D-4F2685F6BBD0}.Debug|Any CPU.Build.0 = Debug|Any CPU
		{12C21F1F-F442-440F-8E7D-4F2685F6BBD0}.Release|Any CPU.ActiveCfg = Release|Any CPU
		{12C21F1F-F442-440F-8E7D-4F2685F6BBD0}.Release|Any CPU.Build.0 = Release|Any CPU
		{9E9ADBBA-8EED-4B59-9E66-3262CAE54699}.Debug|Any CPU.ActiveCfg = Debug|Any CPU
		{9E9ADBBA-8EED-4B59-9E66-3262CAE54699}.Debug|Any CPU.Build.0 = Debug|Any CPU
		{9E9ADBBA-8EED-4B59-9E66-3262CAE54699}.Release|Any CPU.ActiveCfg = Release|Any CPU
		{9E9ADBBA-8EED-4B59-9E66-3262CAE54699}.Release|Any CPU.Build.0 = Release|Any CPU
		{D3D8026F-590A-42B3-9DC5-2FD82503708E}.Debug|Any CPU.ActiveCfg = Debug|Any CPU
		{D3D8026F-590A-42B3-9DC5-2FD82503708E}.Debug|Any CPU.Build.0 = Debug|Any CPU
		{D3D8026F-590A-42B3-9DC5-2FD82503708E}.Release|Any CPU.ActiveCfg = Release|Any CPU
		{D3D8026F-590A-42B3-9DC5-2FD82503708E}.Release|Any CPU.Build.0 = Release|Any CPU
		{0B6557FA-55B7-42CD-82CA-90A8A801ACB2}.Debug|Any CPU.ActiveCfg = Debug|Any CPU
		{0B6557FA-55B7-42CD-82CA-90A8A801ACB2}.Debug|Any CPU.Build.0 = Debug|Any CPU
		{0B6557FA-55B7-42CD-82CA-90A8A801ACB2}.Release|Any CPU.ActiveCfg = Release|Any CPU
		{0B6557FA-55B7-42CD-82CA-90A8A801ACB2}.Release|Any CPU.Build.0 = Release|Any CPU
		{A651ECB8-1B08-4A12-B86D-1BC8BE12BE8F}.Debug|Any CPU.ActiveCfg = Debug|Any CPU
		{A651ECB8-1B08-4A12-B86D-1BC8BE12BE8F}.Debug|Any CPU.Build.0 = Debug|Any CPU
		{A651ECB8-1B08-4A12-B86D-1BC8BE12BE8F}.Release|Any CPU.ActiveCfg = Release|Any CPU
		{A651ECB8-1B08-4A12-B86D-1BC8BE12BE8F}.Release|Any CPU.Build.0 = Release|Any CPU
	EndGlobalSection
	GlobalSection(SolutionProperties) = preSolution
		HideSolutionNode = FALSE
	EndGlobalSection
	GlobalSection(ExtensibilityGlobals) = postSolution
		SolutionGuid = {C8061D66-E24B-4616-8455-2891AA12E68E}
	EndGlobalSection
EndGlobal
